
Microsoft Visual Studio Solution File, Format Version 12.00
# Visual Studio Version 16
VisualStudioVersion = 16.0.31019.35
MinimumVisualStudioVersion = 10.0.40219.1
Project("{FAE04EC0-301F-11D3-BF4B-00C04F79EFBC}") = "Server", "Server\Server.csproj", "{B09D5434-DD84-44CD-A1AE-3CB4BBACBD9A}"
EndProject
Global
	GlobalSection(SolutionConfigurationPlatforms) = preSolution
		Debug|Any CPU = Debug|Any CPU
		Release|Any CPU = Release|Any CPU
	EndGlobalSection
	GlobalSection(ProjectConfigurationPlatforms) = postSolution
		{B09D5434-DD84-44CD-A1AE-3CB4BBACBD9A}.Debug|Any CPU.ActiveCfg = Debug|Any CPU
		{B09D5434-DD84-44CD-A1AE-3CB4BBACBD9A}.Debug|Any CPU.Build.0 = Debug|Any CPU
		{B09D5434-DD84-44CD-A1AE-3CB4BBACBD9A}.Release|Any CPU.ActiveCfg = Release|Any CPU
		{B09D5434-DD84-44CD-A1AE-3CB4BBACBD9A}.Release|Any CPU.Build.0 = Release|Any CPU
	EndGlobalSection
	GlobalSection(SolutionProperties) = preSolution
		HideSolutionNode = FALSE
	EndGlobalSection
	GlobalSection(ExtensibilityGlobals) = postSolution
		SolutionGuid = {683B78CD-B084-4D24-89F4-A14A88296413}
	EndGlobalSection
EndGlobal
