
Microsoft Visual Studio Solution File, Format Version 12.00
# Visual Studio Version 16
VisualStudioVersion = 16.0.30907.101
MinimumVisualStudioVersion = 10.0.40219.1
Project("{FAE04EC0-301F-11D3-BF4B-00C04F79EFBC}") = "Bai2", "Bai2\Bai2.csproj", "{277AA61E-26D3-4D29-AD08-5F0CC1E1E6A2}"
EndProject
Global
	GlobalSection(SolutionConfigurationPlatforms) = preSolution
		Debug|Any CPU = Debug|Any CPU
		Release|Any CPU = Release|Any CPU
	EndGlobalSection
	GlobalSection(ProjectConfigurationPlatforms) = postSolution
		{277AA61E-26D3-4D29-AD08-5F0CC1E1E6A2}.Debug|Any CPU.ActiveCfg = Debug|Any CPU
		{277AA61E-26D3-4D29-AD08-5F0CC1E1E6A2}.Debug|Any CPU.Build.0 = Debug|Any CPU
		{277AA61E-26D3-4D29-AD08-5F0CC1E1E6A2}.Release|Any CPU.ActiveCfg = Release|Any CPU
		{277AA61E-26D3-4D29-AD08-5F0CC1E1E6A2}.Release|Any CPU.Build.0 = Release|Any CPU
	EndGlobalSection
	GlobalSection(SolutionProperties) = preSolution
		HideSolutionNode = FALSE
	EndGlobalSection
	GlobalSection(ExtensibilityGlobals) = postSolution
		SolutionGuid = {17EB8503-873B-4492-82AB-C6D664DB296C}
	EndGlobalSection
EndGlobal
